
Microsoft Visual Studio Solution File, Format Version 12.00
# Visual Studio Version 16
VisualStudioVersion = 16.0.28527.54
MinimumVisualStudioVersion = 10.0.40219.1
Project("{9A19103F-16F7-4668-BE54-9A1E7A4F7556}") = "FavoriteCards.Server", "FavoriteCards.Server\FavoriteCards.Server.csproj", "{3EF5DDEB-57B4-4234-8A73-2D3DBBF978F7}"
EndProject
Project("{9A19103F-16F7-4668-BE54-9A1E7A4F7556}") = "FavoriteCards.App", "FavoriteCards.App\FavoriteCards.App.csproj", "{132D9C7F-C9EB-4FA6-BCE9-88768A85E4A3}"
EndProject
Project("{9A19103F-16F7-4668-BE54-9A1E7A4F7556}") = "FavoriteCards.Tests", "FavoriteCards.Tests\FavoriteCards.Tests.csproj", "{18054C92-D0CD-4826-87C0-E63EE2F291E4}"
EndProject
Project("{FAE04EC0-301F-11D3-BF4B-00C04F79EFBC}") = "FavoriteCards.Business", "FavoriteCards.Business\FavoriteCards.Business.csproj", "{A3380F30-D9B8-43BE-95F1-1F52179325E1}"
EndProject
Global
	GlobalSection(SolutionConfigurationPlatforms) = preSolution
		Debug|Any CPU = Debug|Any CPU
		Release|Any CPU = Release|Any CPU
	EndGlobalSection
	GlobalSection(ProjectConfigurationPlatforms) = postSolution
		{3EF5DDEB-57B4-4234-8A73-2D3DBBF978F7}.Debug|Any CPU.ActiveCfg = Debug|Any CPU
		{3EF5DDEB-57B4-4234-8A73-2D3DBBF978F7}.Debug|Any CPU.Build.0 = Debug|Any CPU
		{3EF5DDEB-57B4-4234-8A73-2D3DBBF978F7}.Release|Any CPU.ActiveCfg = Release|Any CPU
		{3EF5DDEB-57B4-4234-8A73-2D3DBBF978F7}.Release|Any CPU.Build.0 = Release|Any CPU
		{132D9C7F-C9EB-4FA6-BCE9-88768A85E4A3}.Debug|Any CPU.ActiveCfg = Debug|Any CPU
		{132D9C7F-C9EB-4FA6-BCE9-88768A85E4A3}.Debug|Any CPU.Build.0 = Debug|Any CPU
		{132D9C7F-C9EB-4FA6-BCE9-88768A85E4A3}.Release|Any CPU.ActiveCfg = Release|Any CPU
		{132D9C7F-C9EB-4FA6-BCE9-88768A85E4A3}.Release|Any CPU.Build.0 = Release|Any CPU
		{18054C92-D0CD-4826-87C0-E63EE2F291E4}.Debug|Any CPU.ActiveCfg = Debug|Any CPU
		{18054C92-D0CD-4826-87C0-E63EE2F291E4}.Debug|Any CPU.Build.0 = Debug|Any CPU
		{18054C92-D0CD-4826-87C0-E63EE2F291E4}.Release|Any CPU.ActiveCfg = Release|Any CPU
		{18054C92-D0CD-4826-87C0-E63EE2F291E4}.Release|Any CPU.Build.0 = Release|Any CPU
		{A3380F30-D9B8-43BE-95F1-1F52179325E1}.Debug|Any CPU.ActiveCfg = Debug|Any CPU
		{A3380F30-D9B8-43BE-95F1-1F52179325E1}.Debug|Any CPU.Build.0 = Debug|Any CPU
		{A3380F30-D9B8-43BE-95F1-1F52179325E1}.Release|Any CPU.ActiveCfg = Release|Any CPU
		{A3380F30-D9B8-43BE-95F1-1F52179325E1}.Release|Any CPU.Build.0 = Release|Any CPU
	EndGlobalSection
	GlobalSection(SolutionProperties) = preSolution
		HideSolutionNode = FALSE
	EndGlobalSection
	GlobalSection(ExtensibilityGlobals) = postSolution
		SolutionGuid = {D20B333B-E0FE-438B-8B6E-F261F00BDB13}
	EndGlobalSection
EndGlobal
